
Microsoft Visual Studio Solution File, Format Version 12.00
# Visual Studio Version 17
VisualStudioVersion = 17.11.35222.181
MinimumVisualStudioVersion = 10.0.40219.1
Project("{FAE04EC0-301F-11D3-BF4B-00C04F79EFBC}") = "WinFormUI", "..\Exer1App\WinFormUI\WinFormUI.csproj", "{ACED0314-112C-4CCF-8D0D-C3EEEE3A86A2}"
EndProject
Project("{FAE04EC0-301F-11D3-BF4B-00C04F79EFBC}") = "BLL", "BLL\BLL.csproj", "{910CDB1D-4E28-4CD0-9073-D1828FF959AB}"
EndProject
Project("{FAE04EC0-301F-11D3-BF4B-00C04F79EFBC}") = "DAL", "DAL\DAL.csproj", "{01A8EF8B-89E2-44B4-98AF-EC813A52BB42}"
EndProject
Global
	GlobalSection(SolutionConfigurationPlatforms) = preSolution
		Debug|Any CPU = Debug|Any CPU
		Release|Any CPU = Release|Any CPU
	EndGlobalSection
	GlobalSection(ProjectConfigurationPlatforms) = postSolution
		{ACED0314-112C-4CCF-8D0D-C3EEEE3A86A2}.Debug|Any CPU.ActiveCfg = Debug|Any CPU
		{ACED0314-112C-4CCF-8D0D-C3EEEE3A86A2}.Debug|Any CPU.Build.0 = Debug|Any CPU
		{ACED0314-112C-4CCF-8D0D-C3EEEE3A86A2}.Release|Any CPU.ActiveCfg = Release|Any CPU
		{ACED0314-112C-4CCF-8D0D-C3EEEE3A86A2}.Release|Any CPU.Build.0 = Release|Any CPU
		{910CDB1D-4E28-4CD0-9073-D1828FF959AB}.Debug|Any CPU.ActiveCfg = Debug|Any CPU
		{910CDB1D-4E28-4CD0-9073-D1828FF959AB}.Debug|Any CPU.Build.0 = Debug|Any CPU
		{910CDB1D-4E28-4CD0-9073-D1828FF959AB}.Release|Any CPU.ActiveCfg = Release|Any CPU
		{910CDB1D-4E28-4CD0-9073-D1828FF959AB}.Release|Any CPU.Build.0 = Release|Any CPU
		{01A8EF8B-89E2-44B4-98AF-EC813A52BB42}.Debug|Any CPU.ActiveCfg = Debug|Any CPU
		{01A8EF8B-89E2-44B4-98AF-EC813A52BB42}.Debug|Any CPU.Build.0 = Debug|Any CPU
		{01A8EF8B-89E2-44B4-98AF-EC813A52BB42}.Release|Any CPU.ActiveCfg = Release|Any CPU
		{01A8EF8B-89E2-44B4-98AF-EC813A52BB42}.Release|Any CPU.Build.0 = Release|Any CPU
	EndGlobalSection
	GlobalSection(SolutionProperties) = preSolution
		HideSolutionNode = FALSE
	EndGlobalSection
	GlobalSection(ExtensibilityGlobals) = postSolution
		SolutionGuid = {B4E39CC7-E27D-40C2-B675-3A359452C256}
	EndGlobalSection
EndGlobal
