
Microsoft Visual Studio Solution File, Format Version 12.00
# Visual Studio Version 17
VisualStudioVersion = 17.10.35027.167
MinimumVisualStudioVersion = 10.0.40219.1
Project("{FAE04EC0-301F-11D3-BF4B-00C04F79EFBC}") = "WinFormsStudentApp", "WinFormsStudentApp\WinFormsStudentApp.csproj", "{63B8AE28-D39E-40F8-AC98-D36052185217}"
EndProject
Global
	GlobalSection(SolutionConfigurationPlatforms) = preSolution
		Debug|Any CPU = Debug|Any CPU
		Release|Any CPU = Release|Any CPU
	EndGlobalSection
	GlobalSection(ProjectConfigurationPlatforms) = postSolution
		{63B8AE28-D39E-40F8-AC98-D36052185217}.Debug|Any CPU.ActiveCfg = Debug|Any CPU
		{63B8AE28-D39E-40F8-AC98-D36052185217}.Debug|Any CPU.Build.0 = Debug|Any CPU
		{63B8AE28-D39E-40F8-AC98-D36052185217}.Release|Any CPU.ActiveCfg = Release|Any CPU
		{63B8AE28-D39E-40F8-AC98-D36052185217}.Release|Any CPU.Build.0 = Release|Any CPU
	EndGlobalSection
	GlobalSection(SolutionProperties) = preSolution
		HideSolutionNode = FALSE
	EndGlobalSection
	GlobalSection(ExtensibilityGlobals) = postSolution
		SolutionGuid = {22D37580-B1C6-4C78-823F-473E15FE6F7D}
	EndGlobalSection
EndGlobal
